aiohappyeyeballs==2.6.1
aiohttp==3.11.18
aiosignal==1.3.2
airium==0.2.6
annotated-types==0.7.0
antlr4-python3-runtime==4.9.3
appdirs==1.4.4
apybiomart @ git+https://github.com/gaurav/apybiomart.git@49fab2466ca2b0fb08527501ad0416eae0eae052
argparse-dataclass==2.0.0
arrow==1.3.0
asyncio==3.4.3
attrs==25.3.0
bcp47==0.1.0
beautifulsoup4==4.13.4
biopython==1.85
bmt==1.4.4
cattrs==24.1.3
certifi==2025.4.26
CFGraph==0.2.1
chardet==5.2.0
charset-normalizer==3.4.1
class-resolver==0.6.0
click==8.1.8
conda-inject==1.3.2
ConfigArgParse==1.7
connection_pool==0.0.3
coverage==7.8.0
curies==0.10.16
datrie==0.8.2
Deprecated==1.2.18
deprecation==2.1.0
docutils==0.21.2
dpath==2.2.0
duckdb==1.2.2
et_xmlfile==2.0.0
eutils==0.6.0
fastjsonschema==2.21.1
fastobo==0.13.0
fqdn==1.5.1
frozenlist==1.6.0
funowl==0.2.3
gitdb==4.0.12
GitPython==3.1.44
graphviz==0.20.3
hbreader==0.9.1
humanfriendly==10.0
idna==3.10
ijson==3.3.0
immutables==0.21
importlib_resources==6.5.2
iniconfig==2.1.0
isodate==0.7.2
isoduration==20.11.0
Jinja2==3.1.6
json-flattener==0.1.9
jsonasobj==1.3.1
jsonasobj2==1.0.4
jsonlines==4.0.0
jsonpointer==3.0.0
jsonschema==4.23.0
jsonschema-specifications==2025.4.1
jupyter_core==5.7.2
kgcl-rdflib==0.5.0
kgcl_schema==0.6.9
lark==1.2.2
linkml==1.9.1
linkml-renderer==0.3.1
linkml-runtime==1.9.1
lxml==5.4.0
MarkupSafe==3.0.2
more-click==0.1.2
more-itertools==10.7.0
multidict==6.4.3
nbformat==5.10.4
ndex2==3.10.0
networkx==3.4.2
numpy==2.2.5
oaklib==0.5.33
ols-client==0.1.4
ontoportal-client==0.0.4
openpyxl==3.1.5
packaging==25.0
pandas==2.2.3
pansql==0.0.1
parse==1.20.2
plac==1.4.5
platformdirs==4.3.7
pluggy==1.5.0
prefixcommons==0.1.12
prefixmaps==0.2.6
pronto==2.7.0
propcache==0.3.1
psutil==7.0.0
psycopg2-binary==2.9.10
PuLP==2.7.0
py-spy==0.4.1
pydantic==2.11.4
pydantic_core==2.33.2
PyJSG==0.11.10
pyoxigraph==0.2.5
pyparsing==3.2.3
PyShEx==0.8.1
PyShExC==0.9.1
pysolr==3.10.0
pystow==0.7.0
pytest==8.3.5
pytest-cov==6.1.1
pytest-logging==2015.11.4
python-dateutil==2.9.0.post0
python-Levenshtein-wheels==0.13.2
PyTrie==0.4.0
pytz==2025.2
PyYAML==6.0.2
ratelimit==2.2.1
rdflib==7.1.4
rdflib-jsonld==0.6.1
rdflib-shim==1.0.3
referencing==0.36.2
requests==2.32.3
requests-cache==1.2.1
requests-toolbelt==1.0.0
reretry==0.11.8
rfc3339-validator==0.1.4
rfc3987==1.3.8
rpds-py==0.24.0
scipy==1.15.2
semsql==0.4.0
ShExJSG==0.8.2
six==1.17.0
smart-open==7.1.0
smmap==5.0.2
snakemake==9.10.0
snakemake-interface-common==1.21.0
snakemake-interface-executor-plugins==9.3.5
snakemake-interface-logger-plugins==1.2.3
snakemake-interface-report-plugins==1.1.0
snakemake-interface-scheduler-plugins==2.0.0
snakemake-interface-storage-plugins==4.2.1
sortedcontainers==2.4.0
soupsieve==2.7
sparqlslurper==0.5.1
SPARQLWrapper==2.0.0
SQLAlchemy==2.0.40
SQLAlchemy-Utils==0.38.3
sssom==0.4.15
sssom-schema==1.0.0
stopit==1.1.2
stringcase==1.2.0
tabulate==0.9.0
tenacity==8.5.0
throttler==1.2.2
toposort==1.10
tqdm==4.67.1
traitlets==5.14.3
types-python-dateutil==2.9.0.20241206
typing-inspection==0.4.0
typing_extensions==4.13.2
tzdata==2025.2
uri-template==1.3.0
url-normalize==2.2.1
urllib3==2.4.0
validators==0.34.0
watchdog==6.0.0
webcolors==24.11.1
wrapt==1.17.2
xmltodict==0.14.2
yarl==1.20.0
yte==1.7.0
